// !$*UTF8*$!
{
	archiveVersion = 1;
	classes = {
	};
	objectVersion = 51;
	objects = {

/* Begin PBXBuildFile section */
		54C2A2CE7D22774C906A190C /* Pods_Todoey.framework in Frameworks */ = {isa = PBXBuildFile; fileRef = 8F056EAEBEFCA1E527EF03AF /* Pods_Todoey.framework */; };
		7F19C21824B5F6BC0002158D /* Item.swift in Sources */ = {isa = PBXBuildFile; fileRef = 7F19C21724B5F6BC0002158D /* Item.swift */; };
		7F19C21A24B5F6C40002158D /* Category.swift in Sources */ = {isa = PBXBuildFile; fileRef = 7F19C21924B5F6C40002158D /* Category.swift */; };
		7F1EEEF724AF214800F15A4F /* CategoryTableViewController.swift in Sources */ = {isa = PBXBuildFile; fileRef = 7F1EEEF624AF214800F15A4F /* CategoryTableViewController.swift */; };
		7F209A7824DDCAAE0075C5DE /* MenuListController.swift in Sources */ = {isa = PBXBuildFile; fileRef = 7F209A7724DDCAAE0075C5DE /* MenuListController.swift */; };
		7F209A7A24DDCE940075C5DE /* UpcomingViewController.swift in Sources */ = {isa = PBXBuildFile; fileRef = 7F209A7924DDCE940075C5DE /* UpcomingViewController.swift */; };
		7F209A7C24DDCEEB0075C5DE /* SettingsViewController.swift in Sources */ = {isa = PBXBuildFile; fileRef = 7F209A7B24DDCEEB0075C5DE /* SettingsViewController.swift */; };
		7F8F4EFB24E1299B00A0817A /* MenuOptionCell.swift in Sources */ = {isa = PBXBuildFile; fileRef = 7F8F4EFA24E1299B00A0817A /* MenuOptionCell.swift */; };
		7F8F4EFD24E1342200A0817A /* MenuOption.swift in Sources */ = {isa = PBXBuildFile; fileRef = 7F8F4EFC24E1342200A0817A /* MenuOption.swift */; };
		7FAAE73024D3F78A00373DDD /* CustomButton.swift in Sources */ = {isa = PBXBuildFile; fileRef = 7FAAE72F24D3F78A00373DDD /* CustomButton.swift */; };
		7FFE360324C435E5004DC958 /* SwipeTableViewController.swift in Sources */ = {isa = PBXBuildFile; fileRef = 7FFE360224C435E5004DC958 /* SwipeTableViewController.swift */; };
		EB2BE4FA239524DB00FB933B /* AppDelegate.swift in Sources */ = {isa = PBXBuildFile; fileRef = EB2BE4F9239524DB00FB933B /* AppDelegate.swift */; };
		EB2BE4FE239524DB00FB933B /* TodoListViewController.swift in Sources */ = {isa = PBXBuildFile; fileRef = EB2BE4FD239524DB00FB933B /* TodoListViewController.swift */; };
		EB2BE501239524DB00FB933B /* Main.storyboard in Resources */ = {isa = PBXBuildFile; fileRef = EB2BE4FF239524DB00FB933B /* Main.storyboard */; };
		EB2BE503239524DC00FB933B /* Assets.xcassets in Resources */ = {isa = PBXBuildFile; fileRef = EB2BE502239524DC00FB933B /* Assets.xcassets */; };
		EB2BE506239524DC00FB933B /* LaunchScreen.storyboard in Resources */ = {isa = PBXBuildFile; fileRef = EB2BE504239524DC00FB933B /* LaunchScreen.storyboard */; };
/* End PBXBuildFile section */

/* Begin PBXFileReference section */
		7F19C21724B5F6BC0002158D /* Item.swift */ = {isa = PBXFileReference; lastKnownFileType = sourcecode.swift; path = Item.swift; sourceTree = "<group>"; };
		7F19C21924B5F6C40002158D /* Category.swift */ = {isa = PBXFileReference; lastKnownFileType = sourcecode.swift; path = Category.swift; sourceTree = "<group>"; };
		7F1EEEF624AF214800F15A4F /* CategoryTableViewController.swift */ = {isa = PBXFileReference; lastKnownFileType = sourcecode.swift; path = CategoryTableViewController.swift; sourceTree = "<group>"; };
		7F209A7724DDCAAE0075C5DE /* MenuListController.swift */ = {isa = PBXFileReference; lastKnownFileType = sourcecode.swift; path = MenuListController.swift; sourceTree = "<group>"; };
		7F209A7924DDCE940075C5DE /* UpcomingViewController.swift */ = {isa = PBXFileReference; lastKnownFileType = sourcecode.swift; path = UpcomingViewController.swift; sourceTree = "<group>"; };
		7F209A7B24DDCEEB0075C5DE /* SettingsViewController.swift */ = {isa = PBXFileReference; lastKnownFileType = sourcecode.swift; path = SettingsViewController.swift; sourceTree = "<group>"; };
		7F8F4EFA24E1299B00A0817A /* MenuOptionCell.swift */ = {isa = PBXFileReference; lastKnownFileType = sourcecode.swift; path = MenuOptionCell.swift; sourceTree = "<group>"; };
		7F8F4EFC24E1342200A0817A /* MenuOption.swift */ = {isa = PBXFileReference; lastKnownFileType = sourcecode.swift; path = MenuOption.swift; sourceTree = "<group>"; };
		7FAAE72F24D3F78A00373DDD /* CustomButton.swift */ = {isa = PBXFileReference; lastKnownFileType = sourcecode.swift; path = CustomButton.swift; sourceTree = "<group>"; };
		7FFE360224C435E5004DC958 /* SwipeTableViewController.swift */ = {isa = PBXFileReference; lastKnownFileType = sourcecode.swift; path = SwipeTableViewController.swift; sourceTree = "<group>"; };
		8F056EAEBEFCA1E527EF03AF /* Pods_Todoey.framework */ = {isa = PBXFileReference; explicitFileType = wrapper.framework; includeInIndex = 0; path = Pods_Todoey.framework; sourceTree = BUILT_PRODUCTS_DIR; };
		B245CBB7F3DAFD18F3DC5BC8 /* Pods-Todoey.release.xcconfig */ = {isa = PBXFileReference; includeInIndex = 1; lastKnownFileType = text.xcconfig; name = "Pods-Todoey.release.xcconfig"; path = "Target Support Files/Pods-Todoey/Pods-Todoey.release.xcconfig"; sourceTree = "<group>"; };
		D7806664F256C2C8BC02F31E /* Pods-Todoey.debug.xcconfig */ = {isa = PBXFileReference; includeInIndex = 1; lastKnownFileType = text.xcconfig; name = "Pods-Todoey.debug.xcconfig"; path = "Target Support Files/Pods-Todoey/Pods-Todoey.debug.xcconfig"; sourceTree = "<group>"; };
		EB2BE4F6239524DB00FB933B /* Todoey.app */ = {isa = PBXFileReference; explicitFileType = wrapper.application; includeInIndex = 0; path = Todoey.app; sourceTree = BUILT_PRODUCTS_DIR; };
		EB2BE4F9239524DB00FB933B /* AppDelegate.swift */ = {isa = PBXFileReference; lastKnownFileType = sourcecode.swift; path = AppDelegate.swift; sourceTree = "<group>"; };
		EB2BE4FD239524DB00FB933B /* TodoListViewController.swift */ = {isa = PBXFileReference; lastKnownFileType = sourcecode.swift; path = TodoListViewController.swift; sourceTree = "<group>"; };
		EB2BE500239524DB00FB933B /* Base */ = {isa = PBXFileReference; lastKnownFileType = file.storyboard; name = Base; path = Base.lproj/Main.storyboard; sourceTree = "<group>"; };
		EB2BE502239524DC00FB933B /* Assets.xcassets */ = {isa = PBXFileReference; lastKnownFileType = folder.assetcatalog; path = Assets.xcassets; sourceTree = "<group>"; };
		EB2BE505239524DC00FB933B /* Base */ = {isa = PBXFileReference; lastKnownFileType = file.storyboard; name = Base; path = Base.lproj/LaunchScreen.storyboard; sourceTree = "<group>"; };
		EB2BE507239524DC00FB933B /* Info.plist */ = {isa = PBXFileReference; lastKnownFileType = text.plist.xml; path = Info.plist; sourceTree = "<group>"; };
/* End PBXFileReference section */

/* Begin PBXFrameworksBuildPhase section */
		EB2BE4F3239524DB00FB933B /* Frameworks */ = {
			isa = PBXFrameworksBuildPhase;
			buildActionMask = 2147483647;
			files = (
				54C2A2CE7D22774C906A190C /* Pods_Todoey.framework in Frameworks */,
			);
			runOnlyForDeploymentPostprocessing = 0;
		};
/* End PBXFrameworksBuildPhase section */

/* Begin PBXGroup section */
		7F8AFFBB24A4D728007324E1 /* Model */ = {
			isa = PBXGroup;
			children = (
				7F19C21924B5F6C40002158D /* Category.swift */,
				7F19C21724B5F6BC0002158D /* Item.swift */,
				7FAAE72F24D3F78A00373DDD /* CustomButton.swift */,
				7F8F4EFA24E1299B00A0817A /* MenuOptionCell.swift */,
				7F8F4EFC24E1342200A0817A /* MenuOption.swift */,
			);
			path = Model;
			sourceTree = "<group>";
		};
		7F8AFFBC24A4D733007324E1 /* Controller */ = {
			isa = PBXGroup;
			children = (
				7F1EEEF624AF214800F15A4F /* CategoryTableViewController.swift */,
				EB2BE4FD239524DB00FB933B /* TodoListViewController.swift */,
				7FFE360224C435E5004DC958 /* SwipeTableViewController.swift */,
				7F209A7724DDCAAE0075C5DE /* MenuListController.swift */,
				7F209A7924DDCE940075C5DE /* UpcomingViewController.swift */,
				7F209A7B24DDCEEB0075C5DE /* SettingsViewController.swift */,
			);
			path = Controller;
			sourceTree = "<group>";
		};
		7F8AFFBD24A4D741007324E1 /* View */ = {
			isa = PBXGroup;
			children = (
				EB2BE4FF239524DB00FB933B /* Main.storyboard */,
			);
			path = View;
			sourceTree = "<group>";
		};
		7F8AFFBE24A4D755007324E1 /* Supporting files */ = {
			isa = PBXGroup;
			children = (
				EB2BE502239524DC00FB933B /* Assets.xcassets */,
				EB2BE504239524DC00FB933B /* LaunchScreen.storyboard */,
			);
			path = "Supporting files";
			sourceTree = "<group>";
		};
		8244B5AF6016F62593B3FEA7 /* Pods */ = {
			isa = PBXGroup;
			children = (
				D7806664F256C2C8BC02F31E /* Pods-Todoey.debug.xcconfig */,
				B245CBB7F3DAFD18F3DC5BC8 /* Pods-Todoey.release.xcconfig */,
			);
			path = Pods;
			sourceTree = "<group>";
		};
		C7A46C68D1FD21FAA2C28DDE /* Frameworks */ = {
			isa = PBXGroup;
			children = (
				8F056EAEBEFCA1E527EF03AF /* Pods_Todoey.framework */,
			);
			name = Frameworks;
			sourceTree = "<group>";
		};
		EB2BE4ED239524DB00FB933B = {
			isa = PBXGroup;
			children = (
				EB2BE4F8239524DB00FB933B /* Todoey */,
				EB2BE4F7239524DB00FB933B /* Products */,
				8244B5AF6016F62593B3FEA7 /* Pods */,
				C7A46C68D1FD21FAA2C28DDE /* Frameworks */,
			);
			sourceTree = "<group>";
		};
		EB2BE4F7239524DB00FB933B /* Products */ = {
			isa = PBXGroup;
			children = (
				EB2BE4F6239524DB00FB933B /* Todoey.app */,
			);
			name = Products;
			sourceTree = "<group>";
		};
		EB2BE4F8239524DB00FB933B /* Todoey */ = {
			isa = PBXGroup;
			children = (
				EB2BE4F9239524DB00FB933B /* AppDelegate.swift */,
				7F8AFFBC24A4D733007324E1 /* Controller */,
				7F8AFFBB24A4D728007324E1 /* Model */,
				7F8AFFBD24A4D741007324E1 /* View */,
				7F8AFFBE24A4D755007324E1 /* Supporting files */,
				EB2BE507239524DC00FB933B /* Info.plist */,
			);
			path = Todoey;
			sourceTree = "<group>";
		};
/* End PBXGroup section */

/* Begin PBXNativeTarget section */
		EB2BE4F5239524DB00FB933B /* Todoey */ = {
			isa = PBXNativeTarget;
			buildConfigurationList = EB2BE50A239524DC00FB933B /* Build configuration list for PBXNativeTarget "Todoey" */;
			buildPhases = (
				967968368B168BEF6EC82079 /* [CP] Check Pods Manifest.lock */,
				EB2BE4F2239524DB00FB933B /* Sources */,
				EB2BE4F3239524DB00FB933B /* Frameworks */,
				EB2BE4F4239524DB00FB933B /* Resources */,
				450B29B5A7DBBB27E0028FE8 /* [CP] Embed Pods Frameworks */,
			);
			buildRules = (
			);
			dependencies = (
			);
			name = Todoey;
			productName = Todoey;
			productReference = EB2BE4F6239524DB00FB933B /* Todoey.app */;
			productType = "com.apple.product-type.application";
		};
/* End PBXNativeTarget section */

/* Begin PBXProject section */
		EB2BE4EE239524DB00FB933B /* Project object */ = {
			isa = PBXProject;
			attributes = {
				LastSwiftUpdateCheck = 1120;
				LastUpgradeCheck = 1120;
				ORGANIZATIONNAME = "App Brewery";
				TargetAttributes = {
					EB2BE4F5239524DB00FB933B = {
						CreatedOnToolsVersion = 11.2.1;
					};
				};
			};
			buildConfigurationList = EB2BE4F1239524DB00FB933B /* Build configuration list for PBXProject "Todoey" */;
			compatibilityVersion = "Xcode 9.3";
			developmentRegion = en;
			hasScannedForEncodings = 0;
			knownRegions = (
				en,
				Base,
			);
			mainGroup = EB2BE4ED239524DB00FB933B;
			productRefGroup = EB2BE4F7239524DB00FB933B /* Products */;
			projectDirPath = "";
			projectRoot = "";
			targets = (
				EB2BE4F5239524DB00FB933B /* Todoey */,
			);
		};
/* End PBXProject section */

/* Begin PBXResourcesBuildPhase section */
		EB2BE4F4239524DB00FB933B /* Resources */ = {
			isa = PBXResourcesBuildPhase;
			buildActionMask = 2147483647;
			files = (
				EB2BE506239524DC00FB933B /* LaunchScreen.storyboard in Resources */,
				EB2BE503239524DC00FB933B /* Assets.xcassets in Resources */,
				EB2BE501239524DB00FB933B /* Main.storyboard in Resources */,
			);
			runOnlyForDeploymentPostprocessing = 0;
		};
/* End PBXResourcesBuildPhase section */

/* Begin PBXShellScriptBuildPhase section */
		450B29B5A7DBBB27E0028FE8 /* [CP] Embed Pods Frameworks */ = {
			isa = PBXShellScriptBuildPhase;
			buildActionMask = 2147483647;
			files = (
			);
			inputFileListPaths = (
				"${PODS_ROOT}/Target Support Files/Pods-Todoey/Pods-Todoey-frameworks-${CONFIGURATION}-input-files.xcfilelist",
			);
			name = "[CP] Embed Pods Frameworks";
			outputFileListPaths = (
				"${PODS_ROOT}/Target Support Files/Pods-Todoey/Pods-Todoey-frameworks-${CONFIGURATION}-output-files.xcfilelist",
			);
			runOnlyForDeploymentPostprocessing = 0;
			shellPath = /bin/sh;
			shellScript = "\"${PODS_ROOT}/Target Support Files/Pods-Todoey/Pods-Todoey-frameworks.sh\"\n";
			showEnvVarsInLog = 0;
		};
		967968368B168BEF6EC82079 /* [CP] Check Pods Manifest.lock */ = {
			isa = PBXShellScriptBuildPhase;
			buildActionMask = 2147483647;
			files = (
			);
			inputFileListPaths = (
			);
			inputPaths = (
				"${PODS_PODFILE_DIR_PATH}/Podfile.lock",
				"${PODS_ROOT}/Manifest.lock",
			);
			name = "[CP] Check Pods Manifest.lock";
			outputFileListPaths = (
			);
			outputPaths = (
				"$(DERIVED_FILE_DIR)/Pods-Todoey-checkManifestLockResult.txt",
			);
			runOnlyForDeploymentPostprocessing = 0;
			shellPath = /bin/sh;
			shellScript = "diff \"${PODS_PODFILE_DIR_PATH}/Podfile.lock\" \"${PODS_ROOT}/Manifest.lock\" > /dev/null\nif [ $? != 0 ] ; then\n    # print error to STDERR\n    echo \"error: The sandbox is not in sync with the Podfile.lock. Run 'pod install' or update your CocoaPods installation.\" >&2\n    exit 1\nfi\n# This output is used by Xcode 'outputs' to avoid re-running this script phase.\necho \"SUCCESS\" > \"${SCRIPT_OUTPUT_FILE_0}\"\n";
			showEnvVarsInLog = 0;
		};
/* End PBXShellScriptBuildPhase section */

/* Begin PBXSourcesBuildPhase section */
		EB2BE4F2239524DB00FB933B /* Sources */ = {
			isa = PBXSourcesBuildPhase;
			buildActionMask = 2147483647;
			files = (
				7F209A7824DDCAAE0075C5DE /* MenuListController.swift in Sources */,
				7F8F4EFD24E1342200A0817A /* MenuOption.swift in Sources */,
				7F8F4EFB24E1299B00A0817A /* MenuOptionCell.swift in Sources */,
				7F19C21824B5F6BC0002158D /* Item.swift in Sources */,
				EB2BE4FE239524DB00FB933B /* TodoListViewController.swift in Sources */,
				7F209A7A24DDCE940075C5DE /* UpcomingViewController.swift in Sources */,
				EB2BE4FA239524DB00FB933B /* AppDelegate.swift in Sources */,
				7F209A7C24DDCEEB0075C5DE /* SettingsViewController.swift in Sources */,
				7F1EEEF724AF214800F15A4F /* CategoryTableViewController.swift in Sources */,
				7FAAE73024D3F78A00373DDD /* CustomButton.swift in Sources */,
				7FFE360324C435E5004DC958 /* SwipeTableViewController.swift in Sources */,
				7F19C21A24B5F6C40002158D /* Category.swift in Sources */,
			);
			runOnlyForDeploymentPostprocessing = 0;
		};
/* End PBXSourcesBuildPhase section */

/* Begin PBXVariantGroup section */
		EB2BE4FF239524DB00FB933B /* Main.storyboard */ = {
			isa = PBXVariantGroup;
			children = (
				EB2BE500239524DB00FB933B /* Base */,
			);
			name = Main.storyboard;
			sourceTree = "<group>";
		};
		EB2BE504239524DC00FB933B /* LaunchScreen.storyboard */ = {
			isa = PBXVariantGroup;
			children = (
				EB2BE505239524DC00FB933B /* Base */,
			);
			name = LaunchScreen.storyboard;
			sourceTree = "<group>";
		};
/* End PBXVariantGroup section */

/* Begin XCBuildConfiguration section */
		EB2BE508239524DC00FB933B /* Debug */ = {
			isa = XCBuildConfiguration;
			buildSettings = {
				ALWAYS_SEARCH_USER_PATHS = NO;
				CLANG_ANALYZER_NONNULL = YES;
				CLANG_ANALYZER_NUMBER_OBJECT_CONVERSION = YES_AGGRESSIVE;
				CLANG_CXX_LANGUAGE_STANDARD = "gnu++14";
				CLANG_CXX_LIBRARY = "libc++";
				CLANG_ENABLE_MODULES = YES;
				CLANG_ENABLE_OBJC_ARC = YES;
				CLANG_ENABLE_OBJC_WEAK = YES;
				CLANG_WARN_BLOCK_CAPTURE_AUTORELEASING = YES;
				CLANG_WARN_BOOL_CONVERSION = YES;
				CLANG_WARN_COMMA = YES;
				CLANG_WARN_CONSTANT_CONVERSION = YES;
				CLANG_WARN_DEPRECATED_OBJC_IMPLEMENTATIONS = YES;
				CLANG_WARN_DIRECT_OBJC_ISA_USAGE = YES_ERROR;
				CLANG_WARN_DOCUMENTATION_COMMENTS = YES;
				CLANG_WARN_EMPTY_BODY = YES;
				CLANG_WARN_ENUM_CONVERSION = YES;
				CLANG_WARN_INFINITE_RECURSION = YES;
				CLANG_WARN_INT_CONVERSION = YES;
				CLANG_WARN_NON_LITERAL_NULL_CONVERSION = YES;
				CLANG_WARN_OBJC_IMPLICIT_RETAIN_SELF = YES;
				CLANG_WARN_OBJC_LITERAL_CONVERSION = YES;
				CLANG_WARN_OBJC_ROOT_CLASS = YES_ERROR;
				CLANG_WARN_RANGE_LOOP_ANALYSIS = YES;
				CLANG_WARN_STRICT_PROTOTYPES = YES;
				CLANG_WARN_SUSPICIOUS_MOVE = YES;
				CLANG_WARN_UNGUARDED_AVAILABILITY = YES_AGGRESSIVE;
				CLANG_WARN_UNREACHABLE_CODE = YES;
				CLANG_WARN__DUPLICATE_METHOD_MATCH = YES;
				COPY_PHASE_STRIP = NO;
				DEBUG_INFORMATION_FORMAT = dwarf;
				ENABLE_STRICT_OBJC_MSGSEND = YES;
				ENABLE_TESTABILITY = YES;
				GCC_C_LANGUAGE_STANDARD = gnu11;
				GCC_DYNAMIC_NO_PIC = NO;
				GCC_NO_COMMON_BLOCKS = YES;
				GCC_OPTIMIZATION_LEVEL = 0;
				GCC_PREPROCESSOR_DEFINITIONS = (
					"DEBUG=1",
					"$(inherited)",
				);
				GCC_WARN_64_TO_32_BIT_CONVERSION = YES;
				GCC_WARN_ABOUT_RETURN_TYPE = YES_ERROR;
				GCC_WARN_UNDECLARED_SELECTOR = YES;
				GCC_WARN_UNINITIALIZED_AUTOS = YES_AGGRESSIVE;
				GCC_WARN_UNUSED_FUNCTION = YES;
				GCC_WARN_UNUSED_VARIABLE = YES;
				IPHONEOS_DEPLOYMENT_TARGET = 13.2;
				MTL_ENABLE_DEBUG_INFO = INCLUDE_SOURCE;
				MTL_FAST_MATH = YES;
				ONLY_ACTIVE_ARCH = YES;
				SDKROOT = iphoneos;
				SWIFT_ACTIVE_COMPILATION_CONDITIONS = DEBUG;
				SWIFT_OPTIMIZATION_LEVEL = "-Onone";
			};
			name = Debug;
		};
		EB2BE509239524DC00FB933B /* Release */ = {
			isa = XCBuildConfiguration;
			buildSettings = {
				ALWAYS_SEARCH_USER_PATHS = NO;
				CLANG_ANALYZER_NONNULL = YES;
				CLANG_ANALYZER_NUMBER_OBJECT_CONVERSION = YES_AGGRESSIVE;
				CLANG_CXX_LANGUAGE_STANDARD = "gnu++14";
				CLANG_CXX_LIBRARY = "libc++";
				CLANG_ENABLE_MODULES = YES;
				CLANG_ENABLE_OBJC_ARC = YES;
				CLANG_ENABLE_OBJC_WEAK = YES;
				CLANG_WARN_BLOCK_CAPTURE_AUTORELEASING = YES;
				CLANG_WARN_BOOL_CONVERSION = YES;
				CLANG_WARN_COMMA = YES;
				CLANG_WARN_CONSTANT_CONVERSION = YES;
				CLANG_WARN_DEPRECATED_OBJC_IMPLEMENTATIONS = YES;
				CLANG_WARN_DIRECT_OBJC_ISA_USAGE = YES_ERROR;
				CLANG_WARN_DOCUMENTATION_COMMENTS = YES;
				CLANG_WARN_EMPTY_BODY = YES;
				CLANG_WARN_ENUM_CONVERSION = YES;
				CLANG_WARN_INFINITE_RECURSION = YES;
				CLANG_WARN_INT_CONVERSION = YES;
				CLANG_WARN_NON_LITERAL_NULL_CONVERSION = YES;
				CLANG_WARN_OBJC_IMPLICIT_RETAIN_SELF = YES;
				CLANG_WARN_OBJC_LITERAL_CONVERSION = YES;
				CLANG_WARN_OBJC_ROOT_CLASS = YES_ERROR;
				CLANG_WARN_RANGE_LOOP_ANALYSIS = YES;
				CLANG_WARN_STRICT_PROTOTYPES = YES;
				CLANG_WARN_SUSPICIOUS_MOVE = YES;
				CLANG_WARN_UNGUARDED_AVAILABILITY = YES_AGGRESSIVE;
				CLANG_WARN_UNREACHABLE_CODE = YES;
				CLANG_WARN__DUPLICATE_METHOD_MATCH = YES;
				COPY_PHASE_STRIP = NO;
				DEBUG_INFORMATION_FORMAT = "dwarf-with-dsym";
				ENABLE_NS_ASSERTIONS = NO;
				ENABLE_STRICT_OBJC_MSGSEND = YES;
				GCC_C_LANGUAGE_STANDARD = gnu11;
				GCC_NO_COMMON_BLOCKS = YES;
				GCC_WARN_64_TO_32_BIT_CONVERSION = YES;
				GCC_WARN_ABOUT_RETURN_TYPE = YES_ERROR;
				GCC_WARN_UNDECLARED_SELECTOR = YES;
				GCC_WARN_UNINITIALIZED_AUTOS = YES_AGGRESSIVE;
				GCC_WARN_UNUSED_FUNCTION = YES;
				GCC_WARN_UNUSED_VARIABLE = YES;
				IPHONEOS_DEPLOYMENT_TARGET = 13.2;
				MTL_ENABLE_DEBUG_INFO = NO;
				MTL_FAST_MATH = YES;
				SDKROOT = iphoneos;
				SWIFT_COMPILATION_MODE = wholemodule;
				SWIFT_OPTIMIZATION_LEVEL = "-O";
				VALIDATE_PRODUCT = YES;
			};
			name = Release;
		};
		EB2BE50B239524DC00FB933B /* Debug */ = {
			isa = XCBuildConfiguration;
			baseConfigurationReference = D7806664F256C2C8BC02F31E /* Pods-Todoey.debug.xcconfig */;
			buildSettings = {
				ASSETCATALOG_COMPILER_APPICON_NAME = AppIcon;
				CODE_SIGN_STYLE = Automatic;
				DEVELOPMENT_TEAM = J4BH3WR6T4;
				INFOPLIST_FILE = Todoey/Info.plist;
				IPHONEOS_DEPLOYMENT_TARGET = 13.0;
				LD_RUNPATH_SEARCH_PATHS = (
					"$(inherited)",
					"@executable_path/Frameworks",
				);
				PRODUCT_BUNDLE_IDENTIFIER = "com.mpetrusic.todoey-ios13.Todoey";
				PRODUCT_NAME = "$(TARGET_NAME)";
				SWIFT_VERSION = 5.0;
				TARGETED_DEVICE_FAMILY = "1,2";
			};
			name = Debug;
		};
		EB2BE50C239524DC00FB933B /* Release */ = {
			isa = XCBuildConfiguration;
			baseConfigurationReference = B245CBB7F3DAFD18F3DC5BC8 /* Pods-Todoey.release.xcconfig */;
			buildSettings = {
				ASSETCATALOG_COMPILER_APPICON_NAME = AppIcon;
				CODE_SIGN_STYLE = Automatic;
				DEVELOPMENT_TEAM = J4BH3WR6T4;
				INFOPLIST_FILE = Todoey/Info.plist;
				IPHONEOS_DEPLOYMENT_TARGET = 13.0;
				LD_RUNPATH_SEARCH_PATHS = (
					"$(inherited)",
					"@executable_path/Frameworks",
				);
				PRODUCT_BUNDLE_IDENTIFIER = "com.mpetrusic.todoey-ios13.Todoey";
				PRODUCT_NAME = "$(TARGET_NAME)";
				SWIFT_VERSION = 5.0;
				TARGETED_DEVICE_FAMILY = "1,2";
			};
			name = Release;
		};
/* End XCBuildConfiguration section */

/* Begin XCConfigurationList section */
		EB2BE4F1239524DB00FB933B /* Build configuration list for PBXProject "Todoey" */ = {
			isa = XCConfigurationList;
			buildConfigurations = (
				EB2BE508239524DC00FB933B /* Debug */,
				EB2BE509239524DC00FB933B /* Release */,
			);
			defaultConfigurationIsVisible = 0;
			defaultConfigurationName = Release;
		};
		EB2BE50A239524DC00FB933B /* Build configuration list for PBXNativeTarget "Todoey" */ = {
			isa = XCConfigurationList;
			buildConfigurations = (
				EB2BE50B239524DC00FB933B /* Debug */,
				EB2BE50C239524DC00FB933B /* Release */,
			);
			defaultConfigurationIsVisible = 0;
			defaultConfigurationName = Release;
		};
/* End XCConfigurationList section */
	};
	rootObject = EB2BE4EE239524DB00FB933B /* Project object */;
}
